
Microsoft Visual Studio Solution File, Format Version 12.00
# Visual Studio 2012
Project("{FAE04EC0-301F-11D3-BF4B-00C04F79EFBC}") = "PSTableViewExample.iOS", "iOS\PSTableViewExample.iOS.csproj", "{19646231-6FBD-403A-96BD-62FEDBB87D95}"
EndProject
Project("{FAE04EC0-301F-11D3-BF4B-00C04F79EFBC}") = "PSTableViewExample.Droid", "Droid\PSTableViewExample.Droid.csproj", "{4D328ED0-61A8-4A88-878B-2E7BCA301449}"
EndProject
Project("{FAE04EC0-301F-11D3-BF4B-00C04F79EFBC}") = "PSTableViewExample", "PSTableViewExample.csproj", "{42BF27BC-6090-4F8F-94F4-FDD8A1514CB9}"
EndProject
Project("{FAE04EC0-301F-11D3-BF4B-00C04F79EFBC}") = "PSTableViewExample.UITests", "UITests\PSTableViewExample.UITests.csproj", "{64A61E2A-AD5C-49A5-A5AA-1AA39DD1807A}"
EndProject
Global
	GlobalSection(SolutionConfigurationPlatforms) = preSolution
		Debug|iPhoneSimulator = Debug|iPhoneSimulator
		Release|iPhone = Release|iPhone
		Release|iPhoneSimulator = Release|iPhoneSimulator
		Debug|iPhone = Debug|iPhone
		Debug|Any CPU = Debug|Any CPU
		Release|Any CPU = Release|Any CPU
	EndGlobalSection
	GlobalSection(ProjectConfigurationPlatforms) = postSolution
		{19646231-6FBD-403A-96BD-62FEDBB87D95}.Debug|Any CPU.ActiveCfg = Debug|iPhoneSimulator
		{19646231-6FBD-403A-96BD-62FEDBB87D95}.Debug|Any CPU.Build.0 = Debug|iPhoneSimulator
		{19646231-6FBD-403A-96BD-62FEDBB87D95}.Debug|iPhone.ActiveCfg = Debug|iPhone
		{19646231-6FBD-403A-96BD-62FEDBB87D95}.Debug|iPhone.Build.0 = Debug|iPhone
		{19646231-6FBD-403A-96BD-62FEDBB87D95}.Debug|iPhoneSimulator.ActiveCfg = Debug|iPhoneSimulator
		{19646231-6FBD-403A-96BD-62FEDBB87D95}.Debug|iPhoneSimulator.Build.0 = Debug|iPhoneSimulator
		{19646231-6FBD-403A-96BD-62FEDBB87D95}.Release|Any CPU.ActiveCfg = Release|iPhone
		{19646231-6FBD-403A-96BD-62FEDBB87D95}.Release|Any CPU.Build.0 = Release|iPhone
		{19646231-6FBD-403A-96BD-62FEDBB87D95}.Release|iPhone.ActiveCfg = Release|iPhone
		{19646231-6FBD-403A-96BD-62FEDBB87D95}.Release|iPhone.Build.0 = Release|iPhone
		{19646231-6FBD-403A-96BD-62FEDBB87D95}.Release|iPhoneSimulator.ActiveCfg = Release|iPhoneSimulator
		{19646231-6FBD-403A-96BD-62FEDBB87D95}.Release|iPhoneSimulator.Build.0 = Release|iPhoneSimulator
		{42BF27BC-6090-4F8F-94F4-FDD8A1514CB9}.Debug|Any CPU.ActiveCfg = Debug|Any CPU
		{42BF27BC-6090-4F8F-94F4-FDD8A1514CB9}.Debug|Any CPU.Build.0 = Debug|Any CPU
		{42BF27BC-6090-4F8F-94F4-FDD8A1514CB9}.Debug|iPhone.ActiveCfg = Debug|Any CPU
		{42BF27BC-6090-4F8F-94F4-FDD8A1514CB9}.Debug|iPhone.Build.0 = Debug|Any CPU
		{42BF27BC-6090-4F8F-94F4-FDD8A1514CB9}.Debug|iPhoneSimulator.ActiveCfg = Debug|Any CPU
		{42BF27BC-6090-4F8F-94F4-FDD8A1514CB9}.Debug|iPhoneSimulator.Build.0 = Debug|Any CPU
		{42BF27BC-6090-4F8F-94F4-FDD8A1514CB9}.Release|Any CPU.ActiveCfg = Release|Any CPU
		{42BF27BC-6090-4F8F-94F4-FDD8A1514CB9}.Release|Any CPU.Build.0 = Release|Any CPU
		{42BF27BC-6090-4F8F-94F4-FDD8A1514CB9}.Release|iPhone.ActiveCfg = Release|Any CPU
		{42BF27BC-6090-4F8F-94F4-FDD8A1514CB9}.Release|iPhone.Build.0 = Release|Any CPU
		{42BF27BC-6090-4F8F-94F4-FDD8A1514CB9}.Release|iPhoneSimulator.ActiveCfg = Release|Any CPU
		{42BF27BC-6090-4F8F-94F4-FDD8A1514CB9}.Release|iPhoneSimulator.Build.0 = Release|Any CPU
		{4D328ED0-61A8-4A88-878B-2E7BCA301449}.Debug|Any CPU.ActiveCfg = Debug|Any CPU
		{4D328ED0-61A8-4A88-878B-2E7BCA301449}.Debug|Any CPU.Build.0 = Debug|Any CPU
		{4D328ED0-61A8-4A88-878B-2E7BCA301449}.Debug|iPhone.ActiveCfg = Debug|Any CPU
		{4D328ED0-61A8-4A88-878B-2E7BCA301449}.Debug|iPhone.Build.0 = Debug|Any CPU
		{4D328ED0-61A8-4A88-878B-2E7BCA301449}.Debug|iPhoneSimulator.ActiveCfg = Debug|Any CPU
		{4D328ED0-61A8-4A88-878B-2E7BCA301449}.Debug|iPhoneSimulator.Build.0 = Debug|Any CPU
		{4D328ED0-61A8-4A88-878B-2E7BCA301449}.Release|Any CPU.ActiveCfg = Release|Any CPU
		{4D328ED0-61A8-4A88-878B-2E7BCA301449}.Release|Any CPU.Build.0 = Release|Any CPU
		{4D328ED0-61A8-4A88-878B-2E7BCA301449}.Release|iPhone.ActiveCfg = Release|Any CPU
		{4D328ED0-61A8-4A88-878B-2E7BCA301449}.Release|iPhone.Build.0 = Release|Any CPU
		{4D328ED0-61A8-4A88-878B-2E7BCA301449}.Release|iPhoneSimulator.ActiveCfg = Release|Any CPU
		{4D328ED0-61A8-4A88-878B-2E7BCA301449}.Release|iPhoneSimulator.Build.0 = Release|Any CPU
		{64A61E2A-AD5C-49A5-A5AA-1AA39DD1807A}.Debug|Any CPU.ActiveCfg = Debug|Any CPU
		{64A61E2A-AD5C-49A5-A5AA-1AA39DD1807A}.Debug|Any CPU.Build.0 = Debug|Any CPU
		{64A61E2A-AD5C-49A5-A5AA-1AA39DD1807A}.Debug|iPhone.ActiveCfg = Debug|Any CPU
		{64A61E2A-AD5C-49A5-A5AA-1AA39DD1807A}.Debug|iPhone.Build.0 = Debug|Any CPU
		{64A61E2A-AD5C-49A5-A5AA-1AA39DD1807A}.Debug|iPhoneSimulator.ActiveCfg = Debug|Any CPU
		{64A61E2A-AD5C-49A5-A5AA-1AA39DD1807A}.Debug|iPhoneSimulator.Build.0 = Debug|Any CPU
		{64A61E2A-AD5C-49A5-A5AA-1AA39DD1807A}.Release|Any CPU.ActiveCfg = Release|Any CPU
		{64A61E2A-AD5C-49A5-A5AA-1AA39DD1807A}.Release|Any CPU.Build.0 = Release|Any CPU
		{64A61E2A-AD5C-49A5-A5AA-1AA39DD1807A}.Release|iPhone.ActiveCfg = Release|Any CPU
		{64A61E2A-AD5C-49A5-A5AA-1AA39DD1807A}.Release|iPhone.Build.0 = Release|Any CPU
		{64A61E2A-AD5C-49A5-A5AA-1AA39DD1807A}.Release|iPhoneSimulator.ActiveCfg = Release|Any CPU
		{64A61E2A-AD5C-49A5-A5AA-1AA39DD1807A}.Release|iPhoneSimulator.Build.0 = Release|Any CPU
	EndGlobalSection
EndGlobal
